
Microsoft Visual Studio Solution File, Format Version 12.00
# Visual Studio Version 18
VisualStudioVersion = 18.0.11217.181 d18.0
MinimumVisualStudioVersion = 10.0.40219.1
Project("{FAE04EC0-301F-11D3-BF4B-00C04F79EFBC}") = "DotNetApiEventBus", "DotNetApiEventBus\DotNetApiEventBus.csproj", "{F32F6B1A-0A7B-F056-7A59-36813C6CBF55}"
EndProject
Project("{FAE04EC0-301F-11D3-BF4B-00C04F79EFBC}") = "DotNetApiEventBus.Tests.EndToEnd", "DotNetApiEventBus.Tests.EndToEnd\DotNetApiEventBus.Tests.EndToEnd.csproj", "{FF3C17F0-FDA3-020C-B683-4CA32A78DC9E}"
EndProject
Project("{FAE04EC0-301F-11D3-BF4B-00C04F79EFBC}") = "DotNetApiEventBus.Tests.EndToEnd.Api", "DotNetApiEventBus.Tests.EndToEnd.Api\DotNetApiEventBus.Tests.EndToEnd.Api.csproj", "{1A600384-ECF0-B80E-8F82-3B4830F9489D}"
EndProject
Project("{FAE04EC0-301F-11D3-BF4B-00C04F79EFBC}") = "DotNetApiEventBus.Tests.EndToEnd.Api2", "DotNetApiEventBus.Tests.EndToEnd.Api2\DotNetApiEventBus.Tests.EndToEnd.Api2.csproj", "{28E6DC65-0334-D723-FC77-87339B450E9B}"
EndProject
Project("{FAE04EC0-301F-11D3-BF4B-00C04F79EFBC}") = "DotNetApiEventBus.Tests.EndToEnd.Events", "DotNetApiEventBus.Tests.EndToEnd.Events\DotNetApiEventBus.Tests.EndToEnd.Events.csproj", "{F085BDC5-4A89-945E-CF3C-8ABEAB559FC5}"
EndProject
Project("{FAE04EC0-301F-11D3-BF4B-00C04F79EFBC}") = "DotNetApiEventBus.Tests.EndToEnd.Api.Client", "DotNetApiEventBus.Tests.EndToEnd.Api.Client\DotNetApiEventBus.Tests.EndToEnd.Api.Client.csproj", "{DC455A21-533E-4BC5-AE76-808471E3F1AC}"
EndProject
Project("{FAE04EC0-301F-11D3-BF4B-00C04F79EFBC}") = "DotNetApiEventBus.Tests.EndToEnd.Api2.Client", "DotNetApiEventBus.Tests.EndToEnd.Api2.Client\DotNetApiEventBus.Tests.EndToEnd.Api2.Client.csproj", "{B068AB95-DDCB-4C05-878F-30C251101EA5}"
EndProject
Global
	GlobalSection(SolutionConfigurationPlatforms) = preSolution
		Debug|Any CPU = Debug|Any CPU
		Release|Any CPU = Release|Any CPU
	EndGlobalSection
	GlobalSection(ProjectConfigurationPlatforms) = postSolution
		{F32F6B1A-0A7B-F056-7A59-36813C6CBF55}.Debug|Any CPU.ActiveCfg = Debug|Any CPU
		{F32F6B1A-0A7B-F056-7A59-36813C6CBF55}.Debug|Any CPU.Build.0 = Debug|Any CPU
		{F32F6B1A-0A7B-F056-7A59-36813C6CBF55}.Release|Any CPU.ActiveCfg = Release|Any CPU
		{F32F6B1A-0A7B-F056-7A59-36813C6CBF55}.Release|Any CPU.Build.0 = Release|Any CPU
		{FF3C17F0-FDA3-020C-B683-4CA32A78DC9E}.Debug|Any CPU.ActiveCfg = Debug|Any CPU
		{FF3C17F0-FDA3-020C-B683-4CA32A78DC9E}.Debug|Any CPU.Build.0 = Debug|Any CPU
		{FF3C17F0-FDA3-020C-B683-4CA32A78DC9E}.Release|Any CPU.ActiveCfg = Release|Any CPU
		{FF3C17F0-FDA3-020C-B683-4CA32A78DC9E}.Release|Any CPU.Build.0 = Release|Any CPU
		{1A600384-ECF0-B80E-8F82-3B4830F9489D}.Debug|Any CPU.ActiveCfg = Debug|Any CPU
		{1A600384-ECF0-B80E-8F82-3B4830F9489D}.Debug|Any CPU.Build.0 = Debug|Any CPU
		{1A600384-ECF0-B80E-8F82-3B4830F9489D}.Release|Any CPU.ActiveCfg = Release|Any CPU
		{1A600384-ECF0-B80E-8F82-3B4830F9489D}.Release|Any CPU.Build.0 = Release|Any CPU
		{28E6DC65-0334-D723-FC77-87339B450E9B}.Debug|Any CPU.ActiveCfg = Debug|Any CPU
		{28E6DC65-0334-D723-FC77-87339B450E9B}.Debug|Any CPU.Build.0 = Debug|Any CPU
		{28E6DC65-0334-D723-FC77-87339B450E9B}.Release|Any CPU.ActiveCfg = Release|Any CPU
		{28E6DC65-0334-D723-FC77-87339B450E9B}.Release|Any CPU.Build.0 = Release|Any CPU
		{F085BDC5-4A89-945E-CF3C-8ABEAB559FC5}.Debug|Any CPU.ActiveCfg = Debug|Any CPU
		{F085BDC5-4A89-945E-CF3C-8ABEAB559FC5}.Debug|Any CPU.Build.0 = Debug|Any CPU
		{F085BDC5-4A89-945E-CF3C-8ABEAB559FC5}.Release|Any CPU.ActiveCfg = Release|Any CPU
		{F085BDC5-4A89-945E-CF3C-8ABEAB559FC5}.Release|Any CPU.Build.0 = Release|Any CPU
		{DC455A21-533E-4BC5-AE76-808471E3F1AC}.Debug|Any CPU.ActiveCfg = Debug|Any CPU
		{DC455A21-533E-4BC5-AE76-808471E3F1AC}.Debug|Any CPU.Build.0 = Debug|Any CPU
		{DC455A21-533E-4BC5-AE76-808471E3F1AC}.Release|Any CPU.ActiveCfg = Release|Any CPU
		{DC455A21-533E-4BC5-AE76-808471E3F1AC}.Release|Any CPU.Build.0 = Release|Any CPU
		{B068AB95-DDCB-4C05-878F-30C251101EA5}.Debug|Any CPU.ActiveCfg = Debug|Any CPU
		{B068AB95-DDCB-4C05-878F-30C251101EA5}.Debug|Any CPU.Build.0 = Debug|Any CPU
		{B068AB95-DDCB-4C05-878F-30C251101EA5}.Release|Any CPU.ActiveCfg = Release|Any CPU
		{B068AB95-DDCB-4C05-878F-30C251101EA5}.Release|Any CPU.Build.0 = Release|Any CPU
	EndGlobalSection
	GlobalSection(SolutionProperties) = preSolution
		HideSolutionNode = FALSE
	EndGlobalSection
	GlobalSection(ExtensibilityGlobals) = postSolution
		SolutionGuid = {8E33B053-D199-4064-86D9-BC4A69B9D037}
	EndGlobalSection
EndGlobal
